
Microsoft Visual Studio Solution File, Format Version 12.00
# Visual Studio Version 17
VisualStudioVersion = 17.0.31903.59
MinimumVisualStudioVersion = 10.0.40219.1
Project("{9A19103F-16F7-4668-BE54-9A1E7A4F7556}") = "Collabile.Api", "Collabile.API\Collabile.Api.csproj", "{AA5F5986-8C37-4C55-B847-C5ED736CA992}"
EndProject
Project("{9A19103F-16F7-4668-BE54-9A1E7A4F7556}") = "ant test", "anttest\ant test.csproj", "{C30D5786-EA46-43A1-BEA6-B856AECD09CD}"
EndProject
Project("{9A19103F-16F7-4668-BE54-9A1E7A4F7556}") = "Collabile.Shared", "Collabile.Shared\Collabile.Shared.csproj", "{04B2F457-BABC-4814-BF79-ED5E288F4960}"
EndProject
Project("{00D1A9C2-B5F0-4AF3-8072-F6C62B433612}") = "CollabileData", "CollabileData\CollabileData.sqlproj", "{8B4F4BBA-672F-47A5-8107-0E9565F093A5}"
EndProject
Project("{9A19103F-16F7-4668-BE54-9A1E7A4F7556}") = "Collabile.Web", "Collabile.Web\Collabile.Web.csproj", "{8FC76094-FCEF-4548-9FA9-921B74012BB3}"
EndProject
Global
	GlobalSection(SolutionConfigurationPlatforms) = preSolution
		Debug|Any CPU = Debug|Any CPU
		Release|Any CPU = Release|Any CPU
	EndGlobalSection
	GlobalSection(ProjectConfigurationPlatforms) = postSolution
		{AA5F5986-8C37-4C55-B847-C5ED736CA992}.Debug|Any CPU.ActiveCfg = Debug|Any CPU
		{AA5F5986-8C37-4C55-B847-C5ED736CA992}.Debug|Any CPU.Build.0 = Debug|Any CPU
		{AA5F5986-8C37-4C55-B847-C5ED736CA992}.Release|Any CPU.ActiveCfg = Release|Any CPU
		{AA5F5986-8C37-4C55-B847-C5ED736CA992}.Release|Any CPU.Build.0 = Release|Any CPU
		{C30D5786-EA46-43A1-BEA6-B856AECD09CD}.Debug|Any CPU.ActiveCfg = Debug|Any CPU
		{C30D5786-EA46-43A1-BEA6-B856AECD09CD}.Debug|Any CPU.Build.0 = Debug|Any CPU
		{C30D5786-EA46-43A1-BEA6-B856AECD09CD}.Release|Any CPU.ActiveCfg = Release|Any CPU
		{C30D5786-EA46-43A1-BEA6-B856AECD09CD}.Release|Any CPU.Build.0 = Release|Any CPU
		{04B2F457-BABC-4814-BF79-ED5E288F4960}.Debug|Any CPU.ActiveCfg = Debug|Any CPU
		{04B2F457-BABC-4814-BF79-ED5E288F4960}.Debug|Any CPU.Build.0 = Debug|Any CPU
		{04B2F457-BABC-4814-BF79-ED5E288F4960}.Release|Any CPU.ActiveCfg = Release|Any CPU
		{04B2F457-BABC-4814-BF79-ED5E288F4960}.Release|Any CPU.Build.0 = Release|Any CPU
		{8B4F4BBA-672F-47A5-8107-0E9565F093A5}.Debug|Any CPU.ActiveCfg = Debug|Any CPU
		{8B4F4BBA-672F-47A5-8107-0E9565F093A5}.Debug|Any CPU.Build.0 = Debug|Any CPU
		{8B4F4BBA-672F-47A5-8107-0E9565F093A5}.Debug|Any CPU.Deploy.0 = Debug|Any CPU
		{8B4F4BBA-672F-47A5-8107-0E9565F093A5}.Release|Any CPU.ActiveCfg = Release|Any CPU
		{8B4F4BBA-672F-47A5-8107-0E9565F093A5}.Release|Any CPU.Build.0 = Release|Any CPU
		{8B4F4BBA-672F-47A5-8107-0E9565F093A5}.Release|Any CPU.Deploy.0 = Release|Any CPU
		{8FC76094-FCEF-4548-9FA9-921B74012BB3}.Debug|Any CPU.ActiveCfg = Debug|Any CPU
		{8FC76094-FCEF-4548-9FA9-921B74012BB3}.Debug|Any CPU.Build.0 = Debug|Any CPU
		{8FC76094-FCEF-4548-9FA9-921B74012BB3}.Release|Any CPU.ActiveCfg = Release|Any CPU
		{8FC76094-FCEF-4548-9FA9-921B74012BB3}.Release|Any CPU.Build.0 = Release|Any CPU
	EndGlobalSection
	GlobalSection(SolutionProperties) = preSolution
		HideSolutionNode = FALSE
	EndGlobalSection
	GlobalSection(ExtensibilityGlobals) = postSolution
		SolutionGuid = {C9FEC063-E2BF-45B3-AE12-1602FCFC5C74}
	EndGlobalSection
EndGlobal
